
Microsoft Visual Studio Solution File, Format Version 12.00
# Visual Studio 15
VisualStudioVersion = 15.0.28307.902
MinimumVisualStudioVersion = 10.0.40219.1
Project("{FAE04EC0-301F-11D3-BF4B-00C04F79EFBC}") = "CM.Model", "CM.Model\CM.Model.csproj", "{38F88B69-39D1-428E-AF85-476DF93BCEF3}"
EndProject
Project("{FAE04EC0-301F-11D3-BF4B-00C04F79EFBC}") = "CM.Utilities", "CM.Utilities\CM.Utilities.csproj", "{D4210FAF-0CE5-4ADC-9A09-4F95C5106442}"
EndProject
Project("{FAE04EC0-301F-11D3-BF4B-00C04F79EFBC}") = "CM.Data", "CM.Data\CM.Data.csproj", "{F5251875-F42A-464E-A840-CD24E3B87F6F}"
EndProject
Project("{FAE04EC0-301F-11D3-BF4B-00C04F79EFBC}") = "CM.Services", "CM.Services\CM.Services.csproj", "{E164D395-A18B-4C50-BA0C-56D7B9527BAF}"
EndProject
Project("{FAE04EC0-301F-11D3-BF4B-00C04F79EFBC}") = "CM.Web", "CM.Web\CM.Web.csproj", "{3FF9FF6B-3D69-4FAB-BC59-9C620F04CDE2}"
EndProject
Global
	GlobalSection(SolutionConfigurationPlatforms) = preSolution
		Debug|Any CPU = Debug|Any CPU
		Release|Any CPU = Release|Any CPU
	EndGlobalSection
	GlobalSection(ProjectConfigurationPlatforms) = postSolution
		{38F88B69-39D1-428E-AF85-476DF93BCEF3}.Debug|Any CPU.ActiveCfg = Debug|Any CPU
		{38F88B69-39D1-428E-AF85-476DF93BCEF3}.Debug|Any CPU.Build.0 = Debug|Any CPU
		{38F88B69-39D1-428E-AF85-476DF93BCEF3}.Release|Any CPU.ActiveCfg = Release|Any CPU
		{38F88B69-39D1-428E-AF85-476DF93BCEF3}.Release|Any CPU.Build.0 = Release|Any CPU
		{D4210FAF-0CE5-4ADC-9A09-4F95C5106442}.Debug|Any CPU.ActiveCfg = Debug|Any CPU
		{D4210FAF-0CE5-4ADC-9A09-4F95C5106442}.Debug|Any CPU.Build.0 = Debug|Any CPU
		{D4210FAF-0CE5-4ADC-9A09-4F95C5106442}.Release|Any CPU.ActiveCfg = Release|Any CPU
		{D4210FAF-0CE5-4ADC-9A09-4F95C5106442}.Release|Any CPU.Build.0 = Release|Any CPU
		{F5251875-F42A-464E-A840-CD24E3B87F6F}.Debug|Any CPU.ActiveCfg = Debug|Any CPU
		{F5251875-F42A-464E-A840-CD24E3B87F6F}.Debug|Any CPU.Build.0 = Debug|Any CPU
		{F5251875-F42A-464E-A840-CD24E3B87F6F}.Release|Any CPU.ActiveCfg = Release|Any CPU
		{F5251875-F42A-464E-A840-CD24E3B87F6F}.Release|Any CPU.Build.0 = Release|Any CPU
		{E164D395-A18B-4C50-BA0C-56D7B9527BAF}.Debug|Any CPU.ActiveCfg = Debug|Any CPU
		{E164D395-A18B-4C50-BA0C-56D7B9527BAF}.Debug|Any CPU.Build.0 = Debug|Any CPU
		{E164D395-A18B-4C50-BA0C-56D7B9527BAF}.Release|Any CPU.ActiveCfg = Release|Any CPU
		{E164D395-A18B-4C50-BA0C-56D7B9527BAF}.Release|Any CPU.Build.0 = Release|Any CPU
		{3FF9FF6B-3D69-4FAB-BC59-9C620F04CDE2}.Debug|Any CPU.ActiveCfg = Debug|Any CPU
		{3FF9FF6B-3D69-4FAB-BC59-9C620F04CDE2}.Debug|Any CPU.Build.0 = Debug|Any CPU
		{3FF9FF6B-3D69-4FAB-BC59-9C620F04CDE2}.Release|Any CPU.ActiveCfg = Release|Any CPU
		{3FF9FF6B-3D69-4FAB-BC59-9C620F04CDE2}.Release|Any CPU.Build.0 = Release|Any CPU
	EndGlobalSection
	GlobalSection(SolutionProperties) = preSolution
		HideSolutionNode = FALSE
	EndGlobalSection
	GlobalSection(ExtensibilityGlobals) = postSolution
		SolutionGuid = {D838F39E-8D1C-461C-B59E-28CFA277C37B}
	EndGlobalSection
EndGlobal
